
Microsoft Visual Studio Solution File, Format Version 12.00
# Visual Studio Version 16
VisualStudioVersion = 16.0.29613.14
MinimumVisualStudioVersion = 10.0.40219.1
Project("{FAE04EC0-301F-11D3-BF4B-00C04F79EFBC}") = "Esercizio1", "Esercizio1\Esercizio1.csproj", "{5F1C2706-81DA-4617-BE71-76A42B58352A}"
EndProject
Global
	GlobalSection(SolutionConfigurationPlatforms) = preSolution
		Debug|Any CPU = Debug|Any CPU
		Release|Any CPU = Release|Any CPU
	EndGlobalSection
	GlobalSection(ProjectConfigurationPlatforms) = postSolution
		{5F1C2706-81DA-4617-BE71-76A42B58352A}.Debug|Any CPU.ActiveCfg = Debug|Any CPU
		{5F1C2706-81DA-4617-BE71-76A42B58352A}.Debug|Any CPU.Build.0 = Debug|Any CPU
		{5F1C2706-81DA-4617-BE71-76A42B58352A}.Release|Any CPU.ActiveCfg = Release|Any CPU
		{5F1C2706-81DA-4617-BE71-76A42B58352A}.Release|Any CPU.Build.0 = Release|Any CPU
	EndGlobalSection
	GlobalSection(SolutionProperties) = preSolution
		HideSolutionNode = FALSE
	EndGlobalSection
	GlobalSection(ExtensibilityGlobals) = postSolution
		SolutionGuid = {32FAAF2A-8906-4319-9C0A-B17CDFCA52F3}
	EndGlobalSection
EndGlobal
